
Microsoft Visual Studio Solution File, Format Version 12.00
# Visual Studio Version 17
VisualStudioVersion = 17.0.31903.59
MinimumVisualStudioVersion = 10.0.40219.1
Project("{FAE04EC0-301F-11D3-BF4B-00C04F79EFBC}") = "JobbPilot.Domain", "src\JobbPilot.Domain\JobbPilot.Domain.csproj", "{818CF959-E1AD-4A42-BBB1-80DABCCAAEF2}"
EndProject
Project("{FAE04EC0-301F-11D3-BF4B-00C04F79EFBC}") = "JobbPilot.Application", "src\JobbPilot.Application\JobbPilot.Application.csproj", "{AFFFE323-E548-4064-9AD3-6574B044CDAF}"
EndProject
Project("{FAE04EC0-301F-11D3-BF4B-00C04F79EFBC}") = "JobbPilot.Infrastructure", "src\JobbPilot.Infrastructure\JobbPilot.Infrastructure.csproj", "{11D157C7-C0F7-474B-A5F1-C64302CF9FBD}"
EndProject
Project("{FAE04EC0-301F-11D3-BF4B-00C04F79EFBC}") = "JobbPilot.Api", "src\JobbPilot.Api\JobbPilot.Api.csproj", "{A45FD40C-CF22-48DD-9FD4-E43D41FDF6CE}"
EndProject
Project("{FAE04EC0-301F-11D3-BF4B-00C04F79EFBC}") = "JobbPilot.Worker", "src\JobbPilot.Worker\JobbPilot.Worker.csproj", "{AE0883B9-262B-4068-BB17-3013223B1F1B}"
EndProject
Project("{FAE04EC0-301F-11D3-BF4B-00C04F79EFBC}") = "JobbPilot.Domain.UnitTests", "tests\JobbPilot.Domain.UnitTests\JobbPilot.Domain.UnitTests.csproj", "{D2B1C17B-FB1B-4BD2-AB3B-170B3E786B62}"
EndProject
Project("{FAE04EC0-301F-11D3-BF4B-00C04F79EFBC}") = "JobbPilot.Application.UnitTests", "tests\JobbPilot.Application.UnitTests\JobbPilot.Application.UnitTests.csproj", "{2FBA2FD5-AA0A-40BB-BC01-663F3D269890}"
EndProject
Project("{FAE04EC0-301F-11D3-BF4B-00C04F79EFBC}") = "JobbPilot.Api.IntegrationTests", "tests\JobbPilot.Api.IntegrationTests\JobbPilot.Api.IntegrationTests.csproj", "{C96142F0-9C18-4B14-ACB7-B8584235A842}"
EndProject
Project("{FAE04EC0-301F-11D3-BF4B-00C04F79EFBC}") = "JobbPilot.Architecture.Tests", "tests\JobbPilot.Architecture.Tests\JobbPilot.Architecture.Tests.csproj", "{52D5F36D-7319-4B8B-A3DA-F2BC37FEC6EC}"
EndProject
Global
	GlobalSection(SolutionConfigurationPlatforms) = preSolution
		Debug|Any CPU = Debug|Any CPU
		Release|Any CPU = Release|Any CPU
	EndGlobalSection
	GlobalSection(ProjectConfigurationPlatforms) = postSolution
		{818CF959-E1AD-4A42-BBB1-80DABCCAAEF2}.Debug|Any CPU.ActiveCfg = Debug|Any CPU
		{818CF959-E1AD-4A42-BBB1-80DABCCAAEF2}.Debug|Any CPU.Build.0 = Debug|Any CPU
		{818CF959-E1AD-4A42-BBB1-80DABCCAAEF2}.Release|Any CPU.ActiveCfg = Release|Any CPU
		{818CF959-E1AD-4A42-BBB1-80DABCCAAEF2}.Release|Any CPU.Build.0 = Release|Any CPU
		{AFFFE323-E548-4064-9AD3-6574B044CDAF}.Debug|Any CPU.ActiveCfg = Debug|Any CPU
		{AFFFE323-E548-4064-9AD3-6574B044CDAF}.Debug|Any CPU.Build.0 = Debug|Any CPU
		{AFFFE323-E548-4064-9AD3-6574B044CDAF}.Release|Any CPU.ActiveCfg = Release|Any CPU
		{AFFFE323-E548-4064-9AD3-6574B044CDAF}.Release|Any CPU.Build.0 = Release|Any CPU
		{11D157C7-C0F7-474B-A5F1-C64302CF9FBD}.Debug|Any CPU.ActiveCfg = Debug|Any CPU
		{11D157C7-C0F7-474B-A5F1-C64302CF9FBD}.Debug|Any CPU.Build.0 = Debug|Any CPU
		{11D157C7-C0F7-474B-A5F1-C64302CF9FBD}.Release|Any CPU.ActiveCfg = Release|Any CPU
		{11D157C7-C0F7-474B-A5F1-C64302CF9FBD}.Release|Any CPU.Build.0 = Release|Any CPU
		{A45FD40C-CF22-48DD-9FD4-E43D41FDF6CE}.Debug|Any CPU.ActiveCfg = Debug|Any CPU
		{A45FD40C-CF22-48DD-9FD4-E43D41FDF6CE}.Debug|Any CPU.Build.0 = Debug|Any CPU
		{A45FD40C-CF22-48DD-9FD4-E43D41FDF6CE}.Release|Any CPU.ActiveCfg = Release|Any CPU
		{A45FD40C-CF22-48DD-9FD4-E43D41FDF6CE}.Release|Any CPU.Build.0 = Release|Any CPU
		{AE0883B9-262B-4068-BB17-3013223B1F1B}.Debug|Any CPU.ActiveCfg = Debug|Any CPU
		{AE0883B9-262B-4068-BB17-3013223B1F1B}.Debug|Any CPU.Build.0 = Debug|Any CPU
		{AE0883B9-262B-4068-BB17-3013223B1F1B}.Release|Any CPU.ActiveCfg = Release|Any CPU
		{AE0883B9-262B-4068-BB17-3013223B1F1B}.Release|Any CPU.Build.0 = Release|Any CPU
		{D2B1C17B-FB1B-4BD2-AB3B-170B3E786B62}.Debug|Any CPU.ActiveCfg = Debug|Any CPU
		{D2B1C17B-FB1B-4BD2-AB3B-170B3E786B62}.Debug|Any CPU.Build.0 = Debug|Any CPU
		{D2B1C17B-FB1B-4BD2-AB3B-170B3E786B62}.Release|Any CPU.ActiveCfg = Release|Any CPU
		{D2B1C17B-FB1B-4BD2-AB3B-170B3E786B62}.Release|Any CPU.Build.0 = Release|Any CPU
		{2FBA2FD5-AA0A-40BB-BC01-663F3D269890}.Debug|Any CPU.ActiveCfg = Debug|Any CPU
		{2FBA2FD5-AA0A-40BB-BC01-663F3D269890}.Debug|Any CPU.Build.0 = Debug|Any CPU
		{2FBA2FD5-AA0A-40BB-BC01-663F3D269890}.Release|Any CPU.ActiveCfg = Release|Any CPU
		{2FBA2FD5-AA0A-40BB-BC01-663F3D269890}.Release|Any CPU.Build.0 = Release|Any CPU
		{C96142F0-9C18-4B14-ACB7-B8584235A842}.Debug|Any CPU.ActiveCfg = Debug|Any CPU
		{C96142F0-9C18-4B14-ACB7-B8584235A842}.Debug|Any CPU.Build.0 = Debug|Any CPU
		{C96142F0-9C18-4B14-ACB7-B8584235A842}.Release|Any CPU.ActiveCfg = Release|Any CPU
		{C96142F0-9C18-4B14-ACB7-B8584235A842}.Release|Any CPU.Build.0 = Release|Any CPU
		{52D5F36D-7319-4B8B-A3DA-F2BC37FEC6EC}.Debug|Any CPU.ActiveCfg = Debug|Any CPU
		{52D5F36D-7319-4B8B-A3DA-F2BC37FEC6EC}.Debug|Any CPU.Build.0 = Debug|Any CPU
		{52D5F36D-7319-4B8B-A3DA-F2BC37FEC6EC}.Release|Any CPU.ActiveCfg = Release|Any CPU
		{52D5F36D-7319-4B8B-A3DA-F2BC37FEC6EC}.Release|Any CPU.Build.0 = Release|Any CPU
	EndGlobalSection
	GlobalSection(SolutionProperties) = preSolution
		HideSolutionNode = FALSE
	EndGlobalSection
EndGlobal
